# This lock file was generated by conda-lock (https://github.com/conda/conda-lock). DO NOT EDIT!
#
# A "lock file" contains a concrete list of package versions (with checksums) to be installed. Unlike
# e.g. `conda env create`, the resulting environment will not change as new package versions become
# available, unless you explicitly update the lock file.
#
# Install this environment as "YOURENV" with:
#     conda-lock install -n YOURENV conda-requirements-osx-arm64-lean.conda-lock.yml
# To update a single package to the latest version compatible with the version constraints in the source:
#     conda-lock lock  --lockfile conda-requirements-osx-arm64-lean.conda-lock.yml --update PACKAGE
# To re-solve the entire environment, e.g. after changing a version constraint in the source file:
#     conda-lock -f ../chipyard-macos-arm-base.yaml --lockfile conda-requirements-osx-arm64-lean.conda-lock.yml
version: 1
metadata:
  content_hash:
    osx-arm64: 30d519be71a7a6d94c5ea0db319f89b5fcd9481c476bbc316418bf02b9fac628
  channels:
  - url: ucb-bar
    used_env_vars: []
  - url: conda-forge
    used_env_vars: []
  - url: litex-hub
    used_env_vars: []
  platforms:
  - osx-arm64
  sources:
  - ../chipyard-macos-arm-base.yaml
package:
- name: annotated-types
  version: 0.7.0
  manager: conda
  platform: osx-arm64
  dependencies:
    python: '>=3.9'
    typing-extensions: '>=4.0.0'
  url: https://conda.anaconda.org/conda-forge/noarch/annotated-types-0.7.0-pyhd8ed1ab_1.conda
  hash:
    md5: 2934f256a8acfe48f6ebb4fce6cde29c
    sha256: e0ea1ba78fbb64f17062601edda82097fcf815012cf52bb704150a2668110d48
  category: main
  optional: false
- name: appdirs
  version: 1.4.4
  manager: conda
  platform: osx-arm64
  dependencies:
    python: '>=3.9'
  url: https://conda.anaconda.org/conda-forge/noarch/appdirs-1.4.4-pyhd8ed1ab_1.conda
  hash:
    md5: f4e90937bbfc3a4a92539545a37bb448
    sha256: 5b9ef6d338525b332e17c3ed089ca2f53a5d74b7a7b432747d29c6466e39346d
  category: main
  optional: false
- name: autoconf
  version: '2.71'
  manager: conda
  platform: osx-arm64
  dependencies:
    m4: ''
    perl: 5.*
  url: https://conda.anaconda.org/conda-forge/osx-arm64/autoconf-2.71-pl5321hcd07c0c_1.conda
  hash:
    md5: d995ef8b12b16ff64ddaec84bbb57612
    sha256: 15894a699360f1599049744ea1dd649d70c3380c3fab76f2f55ef6edfa4db566
  category: main
  optional: false
- name: backports
  version: '1.0'
  manager: conda
  platform: osx-arm64
  dependencies:
    python: '>=3.9'
  url: https://conda.anaconda.org/conda-forge/noarch/backports-1.0-pyhd8ed1ab_5.conda
  hash:
    md5: 767d508c1a67e02ae8f50e44cacfadb2
    sha256: e1c3dc8b5aa6e12145423fed262b4754d70fec601339896b9ccf483178f690a6
  category: main
  optional: false
- name: backports.tarfile
  version: 1.2.0
  manager: conda
  platform: osx-arm64
  dependencies:
    backports: ''
    python: '>=3.9'
  url: https://conda.anaconda.org/conda-forge/noarch/backports.tarfile-1.2.0-pyhd8ed1ab_1.conda
  hash:
    md5: df837d654933488220b454c6a3b0fad6
    sha256: a0f41db6d7580cec3c850e5d1b82cb03197dd49a3179b1cee59c62cd2c761b36
  category: main
  optional: false
- name: brotli-python
  version: 1.1.0
  manager: conda
  platform: osx-arm64
  dependencies:
    __osx: '>=11.0'
    libcxx: '>=17'
    python: '>=3.13.0rc1,<3.14.0a0'
    python_abi: 3.13.*
  url: https://conda.anaconda.org/conda-forge/osx-arm64/brotli-python-1.1.0-py313h3579c5c_2.conda
  hash:
    md5: f3bee63c7b5d041d841aff05785c28b7
    sha256: b0a66572f44570ee7cc960e223ca8600d26bb20cfb76f16b95adf13ec4ee3362
  category: main
  optional: false
- name: bzip2
  version: 1.0.8
  manager: conda
  platform: osx-arm64
  dependencies:
    __osx: '>=11.0'
  url: https://conda.anaconda.org/conda-forge/osx-arm64/bzip2-1.0.8-h99b78c6_7.conda
  hash:
    md5: fc6948412dbbbe9a4c9ddbbcfe0a79ab
    sha256: adfa71f158cbd872a36394c56c3568e6034aa55c623634b37a4836bd036e6b91
  category: main
  optional: false
- name: c-ares
  version: 1.34.5
  manager: conda
  platform: osx-arm64
  dependencies:
    __osx: '>=11.0'
  url: https://conda.anaconda.org/conda-forge/osx-arm64/c-ares-1.34.5-h5505292_0.conda
  hash:
    md5: f8cd1beb98240c7edb1a95883360ccfa
    sha256: b4bb55d0806e41ffef94d0e3f3c97531f322b3cb0ca1f7cdf8e47f62538b7a2b
  category: main
  optional: false
- name: ca-certificates
  version: 2025.1.31
  manager: conda
  platform: osx-arm64
  dependencies: {}
  url: https://conda.anaconda.org/conda-forge/osx-arm64/ca-certificates-2025.1.31-hf0a4a13_0.conda
  hash:
    md5: 3569d6a9141adc64d2fe4797f3289e06
    sha256: 7e12816618173fe70f5c638b72adf4bfd4ddabf27794369bb17871c5bb75b9f9
  category: main
  optional: false
- name: cachecontrol
  version: 0.14.2
  manager: conda
  platform: osx-arm64
  dependencies:
    msgpack-python: '>=0.5.2,<2.0.0'
    python: '>=3.9'
    requests: '>=2.16.0'
  url: https://conda.anaconda.org/conda-forge/noarch/cachecontrol-0.14.2-pyha770c72_0.conda
  hash:
    md5: df6a1180171318e6a58c206c38ff66fd
    sha256: 5684d23509525b65dd019a70bbb73c987a5d64177c0ce3def3dfdb175687ea27
  category: main
  optional: false
- name: cachecontrol-with-filecache
  version: 0.14.2
  manager: conda
  platform: osx-arm64
  dependencies:
    cachecontrol: 0.14.2
    filelock: '>=3.8.0'
    python: '>=3.9'
  url: https://conda.anaconda.org/conda-forge/noarch/cachecontrol-with-filecache-0.14.2-pyhd8ed1ab_0.conda
  hash:
    md5: 193d7362ba6d1b551ffe7b1da103f47f
    sha256: cee46674041043c046232c6334b25487caa5c3d57c8b78adec0265afade4bda3
  category: main
  optional: false
- name: cachy
  version: 0.3.0
  manager: conda
  platform: osx-arm64
  dependencies:
    python: '>=3.9'
  url: https://conda.anaconda.org/conda-forge/noarch/cachy-0.3.0-pyhd8ed1ab_2.conda
  hash:
    md5: 1efe226b868cf59b8330356c37c8186e
    sha256: 2560a98e3dc0ff4ff408a199d05922ae10fab2629417c4c4309e4226267cef8c
  category: main
  optional: false
- name: cctools_osx-arm64
  version: '1010.6'
  manager: conda
  platform: osx-arm64
  dependencies:
    __osx: '>=11.0'
    ld64_osx-arm64: '>=951.9,<951.10.0a0'
    libcxx: ''
    libllvm16: '>=16.0.6,<16.1.0a0'
    libzlib: '>=1.3.1,<2.0a0'
    llvm-tools: 16.0.*
    sigtool: ''
  url: https://conda.anaconda.org/conda-forge/osx-arm64/cctools_osx-arm64-1010.6-h4f2c9d0_1.conda
  hash:
    md5: 3cf0dad98fcf3cec8cf6372ba2954724
    sha256: 3585a1d44fae9fd6839734e25ddde9dfb1dbb99c6974deb7bdbc6470b54af76d
  category: main
  optional: false
- name: certifi
  version: 2025.1.31
  manager: conda
  platform: osx-arm64
  dependencies:
    python: '>=3.9'
  url: https://conda.anaconda.org/conda-forge/noarch/certifi-2025.1.31-pyhd8ed1ab_0.conda
  hash:
    md5: c207fa5ac7ea99b149344385a9c0880d
    sha256: 42a78446da06a2568cb13e69be3355169fbd0ea424b00fc80b7d840f5baaacf3
  category: main
  optional: false
- name: charset-normalizer
  version: 3.4.1
  manager: conda
  platform: osx-arm64
  dependencies:
    python: '>=3.9'
  url: https://conda.anaconda.org/conda-forge/noarch/charset-normalizer-3.4.1-pyhd8ed1ab_0.conda
  hash:
    md5: e83a31202d1c0a000fce3e9cf3825875
    sha256: 4e0ee91b97e5de3e74567bdacea27f0139709fceca4db8adffbe24deffccb09b
  category: main
  optional: false
- name: clang
  version: 16.0.6
  manager: conda
  platform: osx-arm64
  dependencies:
    clang-16: 16.0.6
  url: https://conda.anaconda.org/conda-forge/osx-arm64/clang-16.0.6-default_h87a6e52_14.conda
  hash:
    md5: 1e16f0cd60a90ba8a77b375864c6eb52
    sha256: 3bd99984d3df54e77a7e00ae7ab682a899a8f4ec2c3eb6474f76859f2cb3185c
  category: main
  optional: false
- name: clang-16
  version: 16.0.6
  manager: conda
  platform: osx-arm64
  dependencies:
    __osx: '>=11.0'
    libclang-cpp16: 16.0.6
    libcxx: '>=16.0.6'
    libllvm16: '>=16.0.6,<16.1.0a0'
  url: https://conda.anaconda.org/conda-forge/osx-arm64/clang-16-16.0.6-default_hc2ef00a_14.conda
  hash:
    md5: faae2a74fc01f16cd4bceacee01c58c4
    sha256: f410c986c769850d9b7f6d35fb6591fccc01204dc97c28c5770263c6237ed854
  category: main
  optional: false
- name: clang_impl_osx-arm64
  version: 16.0.6
  manager: conda
  platform: osx-arm64
  dependencies:
    cctools_osx-arm64: ''
    clang: 16.0.6.*
    compiler-rt: 16.0.6.*
    ld64_osx-arm64: ''
    llvm-tools: 16.0.6.*
  url: https://conda.anaconda.org/conda-forge/osx-arm64/clang_impl_osx-arm64-16.0.6-hc421ffc_19.conda
  hash:
    md5: 44d46e1690d60e9dfdf9ab9fc8a344f6
    sha256: e131b316c772b9ecd57f47e221b0b460d817650ee29de3a6d017ba17f834e3a3
  category: main
  optional: false
- name: clang_osx-arm64
  version: 16.0.6
  manager: conda
  platform: osx-arm64
  dependencies:
    clang_impl_osx-arm64: 16.0.6
  url: https://conda.anaconda.org/conda-forge/osx-arm64/clang_osx-arm64-16.0.6-h54d7cd3_19.conda
  hash:
    md5: 1a9ab8ce6143c14e425059e61a4fb737
    sha256: 1be2d2b837267e9cc61c1cb5e0ce780047ceb87063005144c1332a82a5996fb3
  category: main
  optional: false
- name: clangxx
  version: 16.0.6
  manager: conda
  platform: osx-arm64
  dependencies:
    clang: 16.0.6
    libcxx-devel: 16.0.6.*
  url: https://conda.anaconda.org/conda-forge/osx-arm64/clangxx-16.0.6-default_h75e0ad0_14.conda
  hash:
    md5: 49b29dd4104920aa10c9da63bb961891
    sha256: cdf2268ddca3b79eebb2d12660a772f1d3cd88dc81dbfed4a7067df17e3e58f7
  category: main
  optional: false
- name: clangxx_impl_osx-arm64
  version: 16.0.6
  manager: conda
  platform: osx-arm64
  dependencies:
    clang_osx-arm64: 16.0.6
    clangxx: 16.0.6.*
    libcxx: '>=16'
    libllvm16: '>=16.0.6,<16.1.0a0'
  url: https://conda.anaconda.org/conda-forge/osx-arm64/clangxx_impl_osx-arm64-16.0.6-hcd7bac0_19.conda
  hash:
    md5: 263f7e2b3196bea030602830381cc84e
    sha256: 6847b38f815e43a01e7cfe78fc9d2d7ab90c749bce1301322707ccbad4f2d7a2
  category: main
  optional: false
- name: clangxx_osx-arm64
  version: 16.0.6
  manager: conda
  platform: osx-arm64
  dependencies:
    clang_osx-arm64: 16.0.6
    clangxx_impl_osx-arm64: 16.0.6
  url: https://conda.anaconda.org/conda-forge/osx-arm64/clangxx_osx-arm64-16.0.6-h54d7cd3_19.conda
  hash:
    md5: 26ffc845adddf183c15dd4285e97fc66
    sha256: 6e4344d0bc29fc76e6c6c8aa463536ea0615ffe60512c883b8ae26d73ac4804d
  category: main
  optional: false
- name: click
  version: 8.1.8
  manager: conda
  platform: osx-arm64
  dependencies:
    __unix: ''
    python: '>=3.9'
  url: https://conda.anaconda.org/conda-forge/noarch/click-8.1.8-pyh707e725_0.conda
  hash:
    md5: f22f4d4970e09d68a10b922cbb0408d3
    sha256: c920d23cd1fcf565031c679adb62d848af60d6fbb0edc2d50ba475cea4f0d8ab
  category: main
  optional: false
- name: click-default-group
  version: 1.2.4
  manager: conda
  platform: osx-arm64
  dependencies:
    click: ''
    python: '>=3.9'
  url: https://conda.anaconda.org/conda-forge/noarch/click-default-group-1.2.4-pyhd8ed1ab_1.conda
  hash:
    md5: 7cd83dd6831b61ad9624a694e4afd7dc
    sha256: cb7279eecddbd35ea78fd0e189a9a7db8b84c2c0e3b1271cf26251615f75dc4d
  category: main
  optional: false
- name: clikit
  version: 0.6.2
  manager: conda
  platform: osx-arm64
  dependencies:
    pastel: '>=0.2.0,<0.3.0'
    pylev: '>=1.3,<2.0'
    python: '>=3.9'
  url: https://conda.anaconda.org/conda-forge/noarch/clikit-0.6.2-pyhd8ed1ab_3.conda
  hash:
    md5: 37e178bf9356122c35005a62d850e5d9
    sha256: da000653be96a15b9aad5c59f655dbd4a60cb66fc0137e1018db9de76671bb08
  category: main
  optional: false
- name: compiler-rt
  version: 16.0.6
  manager: conda
  platform: osx-arm64
  dependencies:
    clang: 16.0.6.*
    clangxx: 16.0.6.*
    compiler-rt_osx-arm64: 16.0.6.*
  url: https://conda.anaconda.org/conda-forge/osx-arm64/compiler-rt-16.0.6-h3808999_2.conda
  hash:
    md5: 517f18b3260bb7a508d1f54a96e6285b
    sha256: 67f6883f37ea720f97d016c3384962d86ec8853e5f4b0065aa77e335ca80193e
  category: main
  optional: false
- name: compiler-rt_osx-arm64
  version: 16.0.6
  manager: conda
  platform: osx-arm64
  dependencies:
    clang: 16.0.6.*
    clangxx: 16.0.6.*
  url: https://conda.anaconda.org/conda-forge/noarch/compiler-rt_osx-arm64-16.0.6-h3808999_2.conda
  hash:
    md5: 8c7d77d888e1a218cccd9e82b1458ec6
    sha256: 61f1a10e6e8ec147f17c5e36cf1c2fe77ac6d1907b05443fa319fd59be20fa33
  category: main
  optional: false
- name: conda-lock
  version: 2.5.7
  manager: conda
  platform: osx-arm64
  dependencies:
    cachecontrol-with-filecache: '>=0.12.9'
    cachy: '>=0.3.0'
    click: '>=8.0'
    click-default-group: ''
    clikit: '>=0.6.2'
    crashtest: '>=0.3.0'
    ensureconda: '>=1.3'
    gitpython: '>=3.1.30'
    html5lib: '>=1.0'
    jinja2: ''
    keyring: '>=21.2.0'
    packaging: '>=20.4'
    pkginfo: '>=1.4'
    pydantic: '>=1.10'
    python: '>=3.9'
    pyyaml: '>=5.1'
    requests: '>=2.18'
    ruamel.yaml: ''
    setuptools: ''
    tomli: ''
    tomlkit: '>=0.7.0'
    toolz: '>=0.12.0,<1.0.0'
    typing_extensions: ''
    urllib3: '>=1.26.5,<2.0'
    virtualenv: '>=20.0.26'
  url: https://conda.anaconda.org/conda-forge/noarch/conda-lock-2.5.7-pyhd8ed1ab_1.conda
  hash:
    md5: 518d59879a7ba4f3972109e8666860b2
    sha256: 905618b595d7a067fe37a282e3b84a4ed46542c1b497c76cef7b0f33f9335cb7
  category: main
  optional: false
- name: coreutils
  version: '9.5'
  manager: conda
  platform: osx-arm64
  dependencies: {}
  url: https://conda.anaconda.org/conda-forge/osx-arm64/coreutils-9.5-h93a5062_0.conda
  hash:
    md5: 75840e25e62a109b1d25043c63a4f36c
    sha256: 70e50f2f1458e7c172c9b1c149a4289e8eecc9b53e06ab9de0b3572cdbd30a61
  category: main
  optional: false
- name: crashtest
  version: 0.4.1
  manager: conda
  platform: osx-arm64
  dependencies:
    python: '>=3.9,<4.0'
  url: https://conda.anaconda.org/conda-forge/noarch/crashtest-0.4.1-pyhd8ed1ab_1.conda
  hash:
    md5: e036e2f76d9c9aebc12510ed23352b6c
    sha256: af1622b15f8c7411d9c14b8adf970cec16fec8a28b98069fdf42b1cd2259ccc9
  category: main
  optional: false
- name: distlib
  version: 0.3.9
  manager: conda
  platform: osx-arm64
  dependencies:
    python: '>=3.9'
  url: https://conda.anaconda.org/conda-forge/noarch/distlib-0.3.9-pyhd8ed1ab_1.conda
  hash:
    md5: 8d88f4a2242e6b96f9ecff9a6a05b2f1
    sha256: 0e160c21776bd881b79ce70053e59736f51036784fa43a50da10a04f0c1b9c45
  category: main
  optional: false
- name: dtc
  version: 1.7.2
  manager: conda
  platform: osx-arm64
  dependencies:
    __osx: '>=11.0'
    libfdt: '>=1.7.2,<1.8.0a0'
    yaml: '>=0.2.5,<0.3.0a0'
  url: https://conda.anaconda.org/conda-forge/osx-arm64/dtc-1.7.2-h5505292_4.conda
  hash:
    md5: 854856efb48af9f57c0a0093d0f05576
    sha256: 5f0dddda3f7220520ddaaad94e16684756c25783ecf0442f5d07751d60036b96
  category: main
  optional: false
- name: ensureconda
  version: 1.4.7
  manager: conda
  platform: osx-arm64
  dependencies:
    python: ''
    appdirs: ''
    click: '>=5.1'
    filelock: ''
    packaging: ''
    requests: '>=2'
  url: https://conda.anaconda.org/conda-forge/noarch/ensureconda-1.4.7-pyh29332c3_0.conda
  hash:
    md5: 349b1d4311d7344bff92ad890fdbe6aa
    sha256: a54317217ac986038b01c254a9f06b59f4401587f936ba2089e5fc025c7fc698
  category: main
  optional: false
- name: filelock
  version: 3.18.0
  manager: conda
  platform: osx-arm64
  dependencies:
    python: '>=3.9'
  url: https://conda.anaconda.org/conda-forge/noarch/filelock-3.18.0-pyhd8ed1ab_0.conda
  hash:
    md5: 4547b39256e296bb758166893e909a7c
    sha256: de7b6d4c4f865609ae88db6fa03c8b7544c2452a1aa5451eb7700aad16824570
  category: main
  optional: false
- name: flex
  version: 2.6.4
  manager: conda
  platform: osx-arm64
  dependencies:
    libcxx: '>=11.0.0'
    libiconv: ''
    m4: ''
  url: https://conda.anaconda.org/conda-forge/osx-arm64/flex-2.6.4-h1474e2a_1004.tar.bz2
  hash:
    md5: 93bd233cb19cfb0d608c06e41ed4e073
    sha256: c7c6e6b0290b18ab2967a10a323c250c72e8ffdefe2768fc56f3359c1fd21fb2
  category: main
  optional: false
- name: git
  version: 2.49.0
  manager: conda
  platform: osx-arm64
  dependencies:
    __osx: '>=11.0'
    libcurl: '>=8.12.1,<9.0a0'
    libexpat: '>=2.6.4,<3.0a0'
    libiconv: '>=1.18,<2.0a0'
    libintl: '>=0.23.1,<1.0a0'
    libzlib: '>=1.3.1,<2.0a0'
    openssl: '>=3.4.1,<4.0a0'
    pcre2: '>=10.44,<10.45.0a0'
    perl: 5.*
  url: https://conda.anaconda.org/conda-forge/osx-arm64/git-2.49.0-pl5321hd71a902_0.conda
  hash:
    md5: 465d2f91648a3626ca62b02e551dec26
    sha256: 820ae89cee4e47f41915430e41e1298d653383b7120d92ee06619939594d39c9
  category: main
  optional: false
- name: gitdb
  version: 4.0.12
  manager: conda
  platform: osx-arm64
  dependencies:
    python: '>=3.9'
    smmap: '>=3.0.1,<6'
  url: https://conda.anaconda.org/conda-forge/noarch/gitdb-4.0.12-pyhd8ed1ab_0.conda
  hash:
    md5: 7c14f3706e099f8fcd47af2d494616cc
    sha256: dbbec21a369872c8ebe23cb9a3b9d63638479ee30face165aa0fccc96e93eec3
  category: main
  optional: false
- name: gitpython
  version: 3.1.44
  manager: conda
  platform: osx-arm64
  dependencies:
    gitdb: '>=4.0.1,<5'
    python: '>=3.9'
    typing_extensions: '>=3.7.4.3'
  url: https://conda.anaconda.org/conda-forge/noarch/gitpython-3.1.44-pyhff2d567_0.conda
  hash:
    md5: 140a4e944f7488467872e562a2a52789
    sha256: b996e717ca693e4e831d3d3143aca3abb47536561306195002b226fe4dde53c3
  category: main
  optional: false
- name: html5lib
  version: '1.1'
  manager: conda
  platform: osx-arm64
  dependencies:
    python: '>=3.9'
    six: '>=1.9'
    webencodings: ''
  url: https://conda.anaconda.org/conda-forge/noarch/html5lib-1.1-pyhd8ed1ab_2.conda
  hash:
    md5: cf25bfddbd3bc275f3d3f9936cee1dd3
    sha256: 8027e436ad59e2a7392f6036392ef9d6c223798d8a1f4f12d5926362def02367
  category: main
  optional: false
- name: icu
  version: '75.1'
  manager: conda
  platform: osx-arm64
  dependencies:
    __osx: '>=11.0'
  url: https://conda.anaconda.org/conda-forge/osx-arm64/icu-75.1-hfee45f7_0.conda
  hash:
    md5: 5eb22c1d7b3fc4abb50d92d621583137
    sha256: 9ba12c93406f3df5ab0a43db8a4b4ef67a5871dfd401010fbe29b218b2cbe620
  category: main
  optional: false
- name: idna
  version: '3.10'
  manager: conda
  platform: osx-arm64
  dependencies:
    python: '>=3.9'
  url: https://conda.anaconda.org/conda-forge/noarch/idna-3.10-pyhd8ed1ab_1.conda
  hash:
    md5: 39a4f67be3286c86d696df570b1201b7
    sha256: d7a472c9fd479e2e8dcb83fb8d433fce971ea369d704ece380e876f9c3494e87
  category: main
  optional: false
- name: importlib-metadata
  version: 8.6.1
  manager: conda
  platform: osx-arm64
  dependencies:
    python: '>=3.9'
    zipp: '>=0.5'
  url: https://conda.anaconda.org/conda-forge/noarch/importlib-metadata-8.6.1-pyha770c72_0.conda
  hash:
    md5: f4b39bf00c69f56ac01e020ebfac066c
    sha256: 598951ebdb23e25e4cec4bbff0ae369cec65ead80b50bc08b441d8e54de5cf03
  category: main
  optional: false
- name: importlib_resources
  version: 6.5.2
  manager: conda
  platform: osx-arm64
  dependencies:
    python: '>=3.9'
    zipp: '>=3.1.0'
  url: https://conda.anaconda.org/conda-forge/noarch/importlib_resources-6.5.2-pyhd8ed1ab_0.conda
  hash:
    md5: c85c76dc67d75619a92f51dfbce06992
    sha256: acc1d991837c0afb67c75b77fdc72b4bf022aac71fedd8b9ea45918ac9b08a80
  category: main
  optional: false
- name: jaraco.classes
  version: 3.4.0
  manager: conda
  platform: osx-arm64
  dependencies:
    more-itertools: ''
    python: '>=3.9'
  url: https://conda.anaconda.org/conda-forge/noarch/jaraco.classes-3.4.0-pyhd8ed1ab_2.conda
  hash:
    md5: ade6b25a6136661dadd1a43e4350b10b
    sha256: 3d16a0fa55a29fe723c918a979b2ee927eb0bf9616381cdfd26fa9ea2b649546
  category: main
  optional: false
- name: jaraco.context
  version: 6.0.1
  manager: conda
  platform: osx-arm64
  dependencies:
    backports.tarfile: ''
    python: '>=3.9'
  url: https://conda.anaconda.org/conda-forge/noarch/jaraco.context-6.0.1-pyhd8ed1ab_0.conda
  hash:
    md5: bcc023a32ea1c44a790bbf1eae473486
    sha256: bfaba92cd33a0ae2488ab64a1d4e062bcf52b26a71f88292c62386ccac4789d7
  category: main
  optional: false
- name: jaraco.functools
  version: 4.1.0
  manager: conda
  platform: osx-arm64
  dependencies:
    more-itertools: ''
    python: '>=3.9'
  url: https://conda.anaconda.org/conda-forge/noarch/jaraco.functools-4.1.0-pyhd8ed1ab_0.conda
  hash:
    md5: eb257d223050a5a27f5fdf5c9debc8ec
    sha256: 61da3e37149da5c8479c21571eaec61cc4a41678ee872dcb2ff399c30878dddb
  category: main
  optional: false
- name: jinja2
  version: 3.1.6
  manager: conda
  platform: osx-arm64
  dependencies:
    markupsafe: '>=2.0'
    python: '>=3.9'
  url: https://conda.anaconda.org/conda-forge/noarch/jinja2-3.1.6-pyhd8ed1ab_0.conda
  hash:
    md5: 446bd6c8cb26050d528881df495ce646
    sha256: f1ac18b11637ddadc05642e8185a851c7fab5998c6f5470d716812fae943b2af
  category: main
  optional: false
- name: jq
  version: 1.7.1
  manager: conda
  platform: osx-arm64
  dependencies:
    oniguruma: '>=6.9.9,<6.10.0a0'
  url: https://conda.anaconda.org/conda-forge/osx-arm64/jq-1.7.1-h93a5062_0.conda
  hash:
    md5: dbf665694fb28d86d77cca18e5dd530c
    sha256: e530cf5800e937bce7847a023a998db504e333a928b469c45a1752535593e762
  category: main
  optional: false
- name: keyring
  version: 25.6.0
  manager: conda
  platform: osx-arm64
  dependencies:
    __osx: ''
    importlib-metadata: '>=4.11.4'
    importlib_resources: ''
    jaraco.classes: ''
    jaraco.context: ''
    jaraco.functools: ''
    python: '>=3.9'
  url: https://conda.anaconda.org/conda-forge/noarch/keyring-25.6.0-pyh534df25_0.conda
  hash:
    md5: d2c0c5bda93c249f877c7fceea9e63af
    sha256: c8b436fa9853bf8b836c96afbb7684a04955b80b37f5d5285fd836b6a8566cc5
  category: main
  optional: false
- name: krb5
  version: 1.21.3
  manager: conda
  platform: osx-arm64
  dependencies:
    __osx: '>=11.0'
    libcxx: '>=16'
    libedit: '>=3.1.20191231,<4.0a0'
    openssl: '>=3.3.1,<4.0a0'
  url: https://conda.anaconda.org/conda-forge/osx-arm64/krb5-1.21.3-h237132a_0.conda
  hash:
    md5: c6dc8a0fdec13a0565936655c33069a1
    sha256: 4442f957c3c77d69d9da3521268cad5d54c9033f1a73f99cde0a3658937b159b
  category: main
  optional: false
- name: ld64_osx-arm64
  version: '951.9'
  manager: conda
  platform: osx-arm64
  dependencies:
    __osx: '>=11.0'
    libcxx: ''
    libllvm16: '>=16.0.6,<16.1.0a0'
    sigtool: ''
    tapi: '>=1300.6.5,<1301.0a0'
  url: https://conda.anaconda.org/conda-forge/osx-arm64/ld64_osx-arm64-951.9-h0605c9f_1.conda
  hash:
    md5: 77076839b5a8ac684c7971641d69b97a
    sha256: 2183f5fc32084bbaa83a84817cfc68091e9e739a048a185dcfa55be908b9fe54
  category: main
  optional: false
- name: libclang-cpp16
  version: 16.0.6
  manager: conda
  platform: osx-arm64
  dependencies:
    __osx: '>=11.0'
    libcxx: '>=16.0.6'
    libllvm16: '>=16.0.6,<16.1.0a0'
  url: https://conda.anaconda.org/conda-forge/osx-arm64/libclang-cpp16-16.0.6-default_hc2ef00a_14.conda
  hash:
    md5: 7e2bab22a9ca23e9ef72a73127967f36
    sha256: 127ebe0584e4f9be52c7021614b1d43d9827cede04a835b7994463a576542a69
  category: main
  optional: false
- name: libcurl
  version: 8.13.0
  manager: conda
  platform: osx-arm64
  dependencies:
    __osx: '>=11.0'
    krb5: '>=1.21.3,<1.22.0a0'
    libnghttp2: '>=1.64.0,<2.0a0'
    libssh2: '>=1.11.1,<2.0a0'
    libzlib: '>=1.3.1,<2.0a0'
    openssl: '>=3.4.1,<4.0a0'
    zstd: '>=1.5.7,<1.6.0a0'
  url: https://conda.anaconda.org/conda-forge/osx-arm64/libcurl-8.13.0-h73640d1_0.conda
  hash:
    md5: 4a5d33f75f9ead15089b04bed8d0eafe
    sha256: 747f7e8aad390b9b39a300401579ff1b5731537a586869b724dc071a9b315f03
  category: main
  optional: false
- name: libcxx
  version: 20.1.2
  manager: conda
  platform: osx-arm64
  dependencies:
    __osx: '>=11.0'
  url: https://conda.anaconda.org/conda-forge/osx-arm64/libcxx-20.1.2-ha82da77_0.conda
  hash:
    md5: 85ea0d49eb61f57e02ce98dc29ca161f
    sha256: e3ad5ba1ff49f988c1476f47f395499e841bdd8eafc3908cb1b64daae3a83f3b
  category: main
  optional: false
- name: libcxx-devel
  version: 16.0.6
  manager: conda
  platform: osx-arm64
  dependencies:
    libcxx: '>=16.0.6'
  url: https://conda.anaconda.org/conda-forge/osx-arm64/libcxx-devel-16.0.6-h86353a2_2.conda
  hash:
    md5: f81c638415433ea5bb5024b49cda17ea
    sha256: fb51aaeb9911d9999afaf0a3dc8f4eee97c524aac4ec152217372e8645ef8856
  category: main
  optional: false
- name: libedit
  version: 3.1.20250104
  manager: conda
  platform: osx-arm64
  dependencies:
    ncurses: '>=6.5,<7.0a0'
    __osx: '>=11.0'
  url: https://conda.anaconda.org/conda-forge/osx-arm64/libedit-3.1.20250104-pl5321hafb1f1b_0.conda
  hash:
    md5: 44083d2d2c2025afca315c7a172eab2b
    sha256: 66aa216a403de0bb0c1340a88d1a06adaff66bae2cfd196731aa24db9859d631
  category: main
  optional: false
- name: libev
  version: '4.33'
  manager: conda
  platform: osx-arm64
  dependencies: {}
  url: https://conda.anaconda.org/conda-forge/osx-arm64/libev-4.33-h93a5062_2.conda
  hash:
    md5: 36d33e440c31857372a72137f78bacf5
    sha256: 95cecb3902fbe0399c3a7e67a5bed1db813e5ab0e22f4023a5e0f722f2cc214f
  category: main
  optional: false
- name: libexpat
  version: 2.7.0
  manager: conda
  platform: osx-arm64
  dependencies:
    __osx: '>=11.0'
  url: https://conda.anaconda.org/conda-forge/osx-arm64/libexpat-2.7.0-h286801f_0.conda
  hash:
    md5: 6934bbb74380e045741eb8637641a65b
    sha256: ee550e44765a7bbcb2a0216c063dcd53ac914a7be5386dd0554bd06e6be61840
  category: main
  optional: false
- name: libfdt
  version: 1.7.2
  manager: conda
  platform: osx-arm64
  dependencies:
    __osx: '>=11.0'
    yaml: '>=0.2.5,<0.3.0a0'
  url: https://conda.anaconda.org/conda-forge/osx-arm64/libfdt-1.7.2-h5505292_4.conda
  hash:
    md5: b5ea3b451125ba81de1c1da48c7faa47
    sha256: 17558b5a1b17ad0cae6a31807f34eb189b358a80e24bcf2a1aa646d13343716a
  category: main
  optional: false
- name: libffi
  version: 3.4.6
  manager: conda
  platform: osx-arm64
  dependencies:
    __osx: '>=11.0'
  url: https://conda.anaconda.org/conda-forge/osx-arm64/libffi-3.4.6-h1da3d7d_1.conda
  hash:
    md5: c215a60c2935b517dcda8cad4705734d
    sha256: c6a530924a9b14e193ea9adfe92843de2a806d1b7dbfd341546ece9653129e60
  category: main
  optional: false
- name: libiconv
  version: '1.18'
  manager: conda
  platform: osx-arm64
  dependencies:
    __osx: '>=11.0'
  url: https://conda.anaconda.org/conda-forge/osx-arm64/libiconv-1.18-hfe07756_1.conda
  hash:
    md5: 450e6bdc0c7d986acf7b8443dce87111
    sha256: d30780d24bf3a30b4f116fca74dedb4199b34d500fe6c52cced5f8cc1e926f03
  category: main
  optional: false
- name: libintl
  version: 0.23.1
  manager: conda
  platform: osx-arm64
  dependencies:
    __osx: '>=11.0'
    libiconv: '>=1.17,<2.0a0'
  url: https://conda.anaconda.org/conda-forge/osx-arm64/libintl-0.23.1-h493aca8_0.conda
  hash:
    md5: 7b8faf3b5fc52744bda99c4cd1d6438d
    sha256: 30d2a8a37070615a61777ce9317968b54c2197d04e9c6c2eea6cdb46e47f94dc
  category: main
  optional: false
- name: libllvm16
  version: 16.0.6
  manager: conda
  platform: osx-arm64
  dependencies:
    __osx: '>=11.0'
    libcxx: '>=18'
    libxml2: '>=2.13.5,<2.14.0a0'
    libzlib: '>=1.3.1,<2.0a0'
    zstd: '>=1.5.6,<1.6.0a0'
  url: https://conda.anaconda.org/conda-forge/osx-arm64/libllvm16-16.0.6-hc4b4ae8_4.conda
  hash:
    md5: 88bab67516b973b3f1a72021d2ac2ab6
    sha256: 1cdaa0cf825d75758e67a2f0f3118a770272d0f8b30388b897a00730ac830484
  category: main
  optional: false
- name: liblzma
  version: 5.8.1
  manager: conda
  platform: osx-arm64
  dependencies:
    __osx: '>=11.0'
  url: https://conda.anaconda.org/conda-forge/osx-arm64/liblzma-5.8.1-h39f12f2_0.conda
  hash:
    md5: ba24e6f25225fea3d5b6912e2ac562f8
    sha256: 4291dde55ebe9868491dc29716b84ac3de21b8084cbd4d05c9eea79d206b8ab7
  category: main
  optional: false
- name: libmpdec
  version: 4.0.0
  manager: conda
  platform: osx-arm64
  dependencies:
    __osx: '>=11.0'
  url: https://conda.anaconda.org/conda-forge/osx-arm64/libmpdec-4.0.0-h99b78c6_0.conda
  hash:
    md5: 7476305c35dd9acef48da8f754eedb40
    sha256: f7917de9117d3a5fe12a39e185c7ce424f8d5010a6f97b4333e8a1dcb2889d16
  category: main
  optional: false
- name: libnghttp2
  version: 1.64.0
  manager: conda
  platform: osx-arm64
  dependencies:
    __osx: '>=11.0'
    c-ares: '>=1.34.2,<2.0a0'
    libcxx: '>=17'
    libev: '>=4.33,<5.0a0'
    libzlib: '>=1.3.1,<2.0a0'
    openssl: '>=3.3.2,<4.0a0'
  url: https://conda.anaconda.org/conda-forge/osx-arm64/libnghttp2-1.64.0-h6d7220d_0.conda
  hash:
    md5: 3408c02539cee5f1141f9f11450b6a51
    sha256: 00cc685824f39f51be5233b54e19f45abd60de5d8847f1a56906f8936648b72f
  category: main
  optional: false
- name: libsqlite
  version: 3.49.1
  manager: conda
  platform: osx-arm64
  dependencies:
    __osx: '>=11.0'
    libzlib: '>=1.3.1,<2.0a0'
  url: https://conda.anaconda.org/conda-forge/osx-arm64/libsqlite-3.49.1-h3f77e49_2.conda
  hash:
    md5: 3b1e330d775170ac46dff9a94c253bd0
    sha256: 907a95f73623c343fc14785cbfefcb7a6b4f2bcf9294fcb295c121611c3a590d
  category: main
  optional: false
- name: libssh2
  version: 1.11.1
  manager: conda
  platform: osx-arm64
  dependencies:
    libzlib: '>=1.3.1,<2.0a0'
    openssl: '>=3.4.0,<4.0a0'
  url: https://conda.anaconda.org/conda-forge/osx-arm64/libssh2-1.11.1-h9cc3647_0.conda
  hash:
    md5: ddc7194676c285513706e5fc64f214d7
    sha256: f7047c6ed44bcaeb04432e8c74da87591940d091b0a3940c0d884b7faa8062e9
  category: main
  optional: false
- name: libxml2
  version: 2.13.7
  manager: conda
  platform: osx-arm64
  dependencies:
    __osx: '>=11.0'
    icu: '>=75.1,<76.0a0'
    libiconv: '>=1.18,<2.0a0'
    liblzma: '>=5.8.1,<6.0a0'
    libzlib: '>=1.3.1,<2.0a0'
  url: https://conda.anaconda.org/conda-forge/osx-arm64/libxml2-2.13.7-h52572c6_1.conda
  hash:
    md5: 522fcdaebf3bac06a7b5a78e0a89195b
    sha256: 7afd5879a72e37f44a68b4af3e03f37fc1a310f041bf31fad2461d9a157e823b
  category: main
  optional: false
- name: libzlib
  version: 1.3.1
  manager: conda
  platform: osx-arm64
  dependencies:
    __osx: '>=11.0'
  url: https://conda.anaconda.org/conda-forge/osx-arm64/libzlib-1.3.1-h8359307_2.conda
  hash:
    md5: 369964e85dc26bfe78f41399b366c435
    sha256: ce34669eadaba351cd54910743e6a2261b67009624dbc7daeeafdef93616711b
  category: main
  optional: false
- name: llvm-tools
  version: 16.0.6
  manager: conda
  platform: osx-arm64
  dependencies:
    __osx: '>=11.0'
    libllvm16: 16.0.6
    libxml2: '>=2.13.5,<2.14.0a0'
    libzlib: '>=1.3.1,<2.0a0'
    zstd: '>=1.5.6,<1.6.0a0'
  url: https://conda.anaconda.org/conda-forge/osx-arm64/llvm-tools-16.0.6-hc4b4ae8_4.conda
  hash:
    md5: d920ea6c48053a4587bdfd0002bfff51
    sha256: 3fc56aa583f213f271f95cc51ead5b3f1b4f6c82531860c75161a76b86b8a944
  category: main
  optional: false
- name: m4
  version: 1.4.18
  manager: conda
  platform: osx-arm64
  dependencies: {}
  url: https://conda.anaconda.org/conda-forge/osx-arm64/m4-1.4.18-h642e427_1001.tar.bz2
  hash:
    md5: 9c8419d155d8dc533771fb120db7869d
    sha256: ad29a2f73497f64d4b805a5265bd83a962e7bd5dbaeceea67d5c1a1b38b8aa3b
  category: main
  optional: false
- name: make
  version: 4.4.1
  manager: conda
  platform: osx-arm64
  dependencies:
    __osx: '>=11.0'
  url: https://conda.anaconda.org/conda-forge/osx-arm64/make-4.4.1-hc9fafa5_2.conda
  hash:
    md5: 9f44ef1fea0a25d6a3491c58f3af8460
    sha256: 90ca65e788406d9029ae23ad4bd944a8b5353ad5f59bd6ce326f980cde46f37e
  category: main
  optional: false
- name: markupsafe
  version: 3.0.2
  manager: conda
  platform: osx-arm64
  dependencies:
    __osx: '>=11.0'
    python: '>=3.13,<3.14.0a0'
    python_abi: 3.13.*
  url: https://conda.anaconda.org/conda-forge/osx-arm64/markupsafe-3.0.2-py313ha9b7d5b_1.conda
  hash:
    md5: 3acf05d8e42ff0d99820d2d889776fff
    sha256: 81759af8a9872c8926af3aa59dc4986eee90a0956d1ec820b42ac4f949a71211
  category: main
  optional: false
- name: more-itertools
  version: 10.6.0
  manager: conda
  platform: osx-arm64
  dependencies:
    python: '>=3.9'
  url: https://conda.anaconda.org/conda-forge/noarch/more-itertools-10.6.0-pyhd8ed1ab_0.conda
  hash:
    md5: 9b1225d67235df5411dbd2c94a5876b7
    sha256: e017ede184823b12a194d058924ca26e1129975cee1cae47f69d6115c0478b55
  category: main
  optional: false
- name: msgpack-python
  version: 1.1.0
  manager: conda
  platform: osx-arm64
  dependencies:
    __osx: '>=11.0'
    libcxx: '>=17'
    python: '>=3.13.0rc2,<3.14.0a0'
    python_abi: 3.13.*
  url: https://conda.anaconda.org/conda-forge/osx-arm64/msgpack-python-1.1.0-py313hf9c7212_0.conda
  hash:
    md5: 0bbe5d88473e2c92af8b2a977421d4cc
    sha256: e896c0c0f68eaa72ca83aa26f5b72632360cbd63fa4ea752118c722462566561
  category: main
  optional: false
- name: ncurses
  version: '6.5'
  manager: conda
  platform: osx-arm64
  dependencies:
    __osx: '>=11.0'
  url: https://conda.anaconda.org/conda-forge/osx-arm64/ncurses-6.5-h5e97a16_3.conda
  hash:
    md5: 068d497125e4bf8a66bf707254fff5ae
    sha256: 2827ada40e8d9ca69a153a45f7fd14f32b2ead7045d3bbb5d10964898fe65733
  category: main
  optional: false
- name: ninja
  version: 1.12.1
  manager: conda
  platform: osx-arm64
  dependencies:
    __osx: '>=11.0'
    libcxx: '>=16'
  url: https://conda.anaconda.org/conda-forge/osx-arm64/ninja-1.12.1-h420ef59_0.conda
  hash:
    md5: 9166c10405d41c95ffde8fcb8e5c3d51
    sha256: 11528acfa0f05d0c51639f6b09b51dc6611b801668449bb36c206c4b055be4f4
  category: main
  optional: false
- name: oniguruma
  version: 6.9.10
  manager: conda
  platform: osx-arm64
  dependencies:
    __osx: '>=11.0'
  url: https://conda.anaconda.org/conda-forge/osx-arm64/oniguruma-6.9.10-h5505292_0.conda
  hash:
    md5: 045afd0b8e35a71bfbe95345146592c4
    sha256: cedcd880e316240cbb35a1275990bfed1da36dba4a4f714edf95237f03d48665
  category: main
  optional: false
- name: openjdk
  version: 20.0.2
  manager: conda
  platform: osx-arm64
  dependencies:
    libcxx: '>=15.0.7'
    libzlib: '>=1.2.13,<2.0.0a0'
  url: https://conda.anaconda.org/conda-forge/osx-arm64/openjdk-20.0.2-hbe7ddab_2.conda
  hash:
    md5: 47d29f49e90d59b5490bd6ad3663f740
    sha256: e77ec829f70a35ecaa77fa18e1621ca3a91e35ee468c8736e9fa691131353889
  category: main
  optional: false
- name: openssl
  version: 3.5.0
  manager: conda
  platform: osx-arm64
  dependencies:
    __osx: '>=11.0'
    ca-certificates: ''
  url: https://conda.anaconda.org/conda-forge/osx-arm64/openssl-3.5.0-h81ee809_0.conda
  hash:
    md5: 3d2936da7e240d24c656138e07fa2502
    sha256: 53f825acb8d3e13bdad5c869f6dc7df931941450eea7f6473b955b0aaea1a399
  category: main
  optional: false
- name: packaging
  version: '24.2'
  manager: conda
  platform: osx-arm64
  dependencies:
    python: '>=3.8'
  url: https://conda.anaconda.org/conda-forge/noarch/packaging-24.2-pyhd8ed1ab_2.conda
  hash:
    md5: 3bfed7e6228ebf2f7b9eaa47f1b4e2aa
    sha256: da157b19bcd398b9804c5c52fc000fcb8ab0525bdb9c70f95beaa0bb42f85af1
  category: main
  optional: false
- name: pastel
  version: 0.2.1
  manager: conda
  platform: osx-arm64
  dependencies:
    python: '>=2.7'
  url: https://conda.anaconda.org/conda-forge/noarch/pastel-0.2.1-pyhd8ed1ab_0.tar.bz2
  hash:
    md5: a4eea5bff523f26442405bc5d1f52adb
    sha256: 9153f0f38c76a09da7688a61fdbf8f3d7504e2326bef53e4ec20d994311b15bd
  category: main
  optional: false
- name: pcre2
  version: '10.44'
  manager: conda
  platform: osx-arm64
  dependencies:
    __osx: '>=11.0'
    bzip2: '>=1.0.8,<2.0a0'
    libzlib: '>=1.3.1,<2.0a0'
  url: https://conda.anaconda.org/conda-forge/osx-arm64/pcre2-10.44-h297a79d_2.conda
  hash:
    md5: 147c83e5e44780c7492998acbacddf52
    sha256: 83153c7d8fd99cab33c92ce820aa7bfed0f1c94fc57010cf227b6e3c50cb7796
  category: main
  optional: false
- name: perl
  version: 5.32.1
  manager: conda
  platform: osx-arm64
  dependencies: {}
  url: https://conda.anaconda.org/conda-forge/osx-arm64/perl-5.32.1-7_h4614cfb_perl5.conda
  hash:
    md5: ba3cbe93f99e896765422cc5f7c3a79e
    sha256: b0c55040d2994fd6bf2f83786561d92f72306d982d6ea12889acad24a9bf43b8
  category: main
  optional: false
- name: pip
  version: 25.0.1
  manager: conda
  platform: osx-arm64
  dependencies:
    python: '>=3.13.0a0'
  url: https://conda.anaconda.org/conda-forge/noarch/pip-25.0.1-pyh145f28c_0.conda
  hash:
    md5: 9ba21d75dc722c29827988a575a65707
    sha256: b1beb97b230321fc2ae692bd631cd65530c59686151af9d11aaa16df815f9ee8
  category: main
  optional: false
- name: pkginfo
  version: 1.12.1.2
  manager: conda
  platform: osx-arm64
  dependencies:
    python: '>=3.9'
  url: https://conda.anaconda.org/conda-forge/noarch/pkginfo-1.12.1.2-pyhd8ed1ab_0.conda
  hash:
    md5: dc702b2fae7ebe770aff3c83adb16b63
    sha256: 353fd5a2c3ce31811a6272cd328874eb0d327b1eafd32a1e19001c4ad137ad3a
  category: main
  optional: false
- name: platformdirs
  version: 4.3.7
  manager: conda
  platform: osx-arm64
  dependencies:
    python: ''
  url: https://conda.anaconda.org/conda-forge/noarch/platformdirs-4.3.7-pyh29332c3_0.conda
  hash:
    md5: e57da6fe54bb3a5556cf36d199ff07d8
    sha256: ae7d3e58224d53d6b59e1f5ac5809803bb1972f0ac4fb10cd9b8c87d4122d3e0
  category: main
  optional: false
- name: pydantic
  version: 2.11.3
  manager: conda
  platform: osx-arm64
  dependencies:
    annotated-types: '>=0.6.0'
    pydantic-core: 2.33.1
    python: '>=3.9'
    typing-extensions: '>=4.6.1'
    typing-inspection: '>=0.4.0'
    typing_extensions: '>=4.12.2'
  url: https://conda.anaconda.org/conda-forge/noarch/pydantic-2.11.3-pyh3cfb1c2_0.conda
  hash:
    md5: 3c6f7f8ae9b9c177ad91ccc187912756
    sha256: 89183785b09ebe9f9e65710057d7c41e9d21d4a9ad05e068850e18669655d5a8
  category: main
  optional: false
- name: pydantic-core
  version: 2.33.1
  manager: conda
  platform: osx-arm64
  dependencies:
    python: 3.13.*
    typing-extensions: '>=4.6.0,!=4.7.0'
    __osx: '>=11.0'
    python_abi: 3.13.*
  url: https://conda.anaconda.org/conda-forge/osx-arm64/pydantic-core-2.33.1-py313hb5fa170_0.conda
  hash:
    md5: 1eda9d26ca9989463540c1512a819706
    sha256: 75b26de3944e6776c840bd57fc47dee97bb044f939f7be94ea83f4793565f836
  category: main
  optional: false
- name: pylev
  version: 1.4.0
  manager: conda
  platform: osx-arm64
  dependencies:
    python: '>=3.3'
  url: https://conda.anaconda.org/conda-forge/noarch/pylev-1.4.0-pyhd8ed1ab_0.tar.bz2
  hash:
    md5: edf8651c4379d9d1495ad6229622d150
    sha256: 50bd91767686bfe769e50a5a1b883e238d944a6163fea43e7c0beaac54ca674f
  category: main
  optional: false
- name: pysocks
  version: 1.7.1
  manager: conda
  platform: osx-arm64
  dependencies:
    __unix: ''
    python: '>=3.9'
  url: https://conda.anaconda.org/conda-forge/noarch/pysocks-1.7.1-pyha55dd90_7.conda
  hash:
    md5: 461219d1a5bd61342293efa2c0c90eac
    sha256: ba3b032fa52709ce0d9fd388f63d330a026754587a2f461117cac9ab73d8d0d8
  category: main
  optional: false
- name: python
  version: 3.13.3
  manager: conda
  platform: osx-arm64
  dependencies:
    __osx: '>=11.0'
    bzip2: '>=1.0.8,<2.0a0'
    libexpat: '>=2.7.0,<3.0a0'
    libffi: '>=3.4.6,<3.5.0a0'
    liblzma: '>=5.8.1,<6.0a0'
    libmpdec: '>=4.0.0,<5.0a0'
    libsqlite: '>=3.49.1,<4.0a0'
    libzlib: '>=1.3.1,<2.0a0'
    ncurses: '>=6.5,<7.0a0'
    openssl: '>=3.5.0,<4.0a0'
    python_abi: 3.13.*
    readline: '>=8.2,<9.0a0'
    tk: '>=8.6.13,<8.7.0a0'
    tzdata: ''
  url: https://conda.anaconda.org/conda-forge/osx-arm64/python-3.13.3-h81fe080_100_cp313.conda
  hash:
    md5: 76edefc8cc4f2efb3737ccb75e66084e
    sha256: fb56abb98af7bc9c6e75f31670264a5755fe2dc86dbae1cb24c134687aa4f6d3
  category: main
  optional: false
- name: python_abi
  version: '3.13'
  manager: conda
  platform: osx-arm64
  dependencies: {}
  url: https://conda.anaconda.org/conda-forge/osx-arm64/python_abi-3.13-6_cp313.conda
  hash:
    md5: c75e7f94ab431acc3942cc93b8ca6f8d
    sha256: 2f5205eba4d65bb6cb09c2f12c69e8981514222d5aee01b59d5610af9dc6917c
  category: main
  optional: false
- name: pyyaml
  version: 6.0.2
  manager: conda
  platform: osx-arm64
  dependencies:
    __osx: '>=11.0'
    python: '>=3.13,<3.14.0a0'
    python_abi: 3.13.*
    yaml: '>=0.2.5,<0.3.0a0'
  url: https://conda.anaconda.org/conda-forge/osx-arm64/pyyaml-6.0.2-py313ha9b7d5b_2.conda
  hash:
    md5: 03a7926e244802f570f25401c25c13bc
    sha256: 58c41b86ff2dabcf9ccd9010973b5763ec28b14030f9e1d9b371d22b538bce73
  category: main
  optional: false
- name: readline
  version: '8.2'
  manager: conda
  platform: osx-arm64
  dependencies:
    ncurses: '>=6.5,<7.0a0'
  url: https://conda.anaconda.org/conda-forge/osx-arm64/readline-8.2-h1d1bf99_2.conda
  hash:
    md5: 63ef3f6e6d6d5c589e64f11263dc5676
    sha256: 7db04684d3904f6151eff8673270922d31da1eea7fa73254d01c437f49702e34
  category: main
  optional: false
- name: requests
  version: 2.32.3
  manager: conda
  platform: osx-arm64
  dependencies:
    certifi: '>=2017.4.17'
    charset-normalizer: '>=2,<4'
    idna: '>=2.5,<4'
    python: '>=3.9'
    urllib3: '>=1.21.1,<3'
  url: https://conda.anaconda.org/conda-forge/noarch/requests-2.32.3-pyhd8ed1ab_1.conda
  hash:
    md5: a9b9368f3701a417eac9edbcae7cb737
    sha256: d701ca1136197aa121bbbe0e8c18db6b5c94acbd041c2b43c70e5ae104e1d8ad
  category: main
  optional: false
- name: ruamel.yaml
  version: 0.18.10
  manager: conda
  platform: osx-arm64
  dependencies:
    __osx: '>=11.0'
    python: '>=3.13,<3.14.0a0'
    python_abi: 3.13.*
    ruamel.yaml.clib: '>=0.1.2'
  url: https://conda.anaconda.org/conda-forge/osx-arm64/ruamel.yaml-0.18.10-py313h90d716c_0.conda
  hash:
    md5: c7b68850c7ac1beeff88404d8b77d93b
    sha256: d996e7c5ba298bef243c712e5ea96ba8ccbb5000b9d0eb9382fb6ccc2098dc08
  category: main
  optional: false
- name: ruamel.yaml.clib
  version: 0.2.8
  manager: conda
  platform: osx-arm64
  dependencies:
    __osx: '>=11.0'
    python: '>=3.13,<3.14.0a0'
    python_abi: 3.13.*
  url: https://conda.anaconda.org/conda-forge/osx-arm64/ruamel.yaml.clib-0.2.8-py313h63a2874_1.conda
  hash:
    md5: 34ad7f96e9e4bae5f9a88d0fb04ad557
    sha256: 8ed7448178b423dbd59cdea422b1fb732c16beacff2cc70f727eff1afd307896
  category: main
  optional: false
- name: sbt
  version: 1.10.2
  manager: conda
  platform: osx-arm64
  dependencies:
    __unix: ''
    openjdk: '>=8'
  url: https://conda.anaconda.org/conda-forge/noarch/sbt-1.10.2-h707e725_0.conda
  hash:
    md5: 2f3d38f664a9d9405d94e27b9665382c
    sha256: ca4d1fa32f267623acf1fac2df56bdb8201b6b68cdd4f49fcc4aca79c13bffa3
  category: main
  optional: false
- name: setuptools
  version: 78.1.0
  manager: conda
  platform: osx-arm64
  dependencies:
    python: '>=3.9'
  url: https://conda.anaconda.org/conda-forge/noarch/setuptools-78.1.0-pyhff2d567_0.conda
  hash:
    md5: a42da9837e46c53494df0044c3eb1f53
    sha256: d4c74d2140f2fbc72fe5320cbd65f3fd1d1f7832ab4d7825c37c38ab82440ae2
  category: main
  optional: false
- name: sigtool
  version: 0.1.3
  manager: conda
  platform: osx-arm64
  dependencies:
    openssl: '>=3.0.0,<4.0a0'
  url: https://conda.anaconda.org/conda-forge/osx-arm64/sigtool-0.1.3-h44b9a77_0.tar.bz2
  hash:
    md5: 4a2cac04f86a4540b8c9b8d8f597848f
    sha256: 70791ae00a3756830cb50451db55f63e2a42a2fa2a8f1bab1ebd36bbb7d55bff
  category: main
  optional: false
- name: six
  version: 1.17.0
  manager: conda
  platform: osx-arm64
  dependencies:
    python: '>=3.9'
  url: https://conda.anaconda.org/conda-forge/noarch/six-1.17.0-pyhd8ed1ab_0.conda
  hash:
    md5: a451d576819089b0d672f18768be0f65
    sha256: 41db0180680cc67c3fa76544ffd48d6a5679d96f4b71d7498a759e94edc9a2db
  category: main
  optional: false
- name: smmap
  version: 5.0.2
  manager: conda
  platform: osx-arm64
  dependencies:
    python: '>=3.9'
  url: https://conda.anaconda.org/conda-forge/noarch/smmap-5.0.2-pyhd8ed1ab_0.conda
  hash:
    md5: 87f47a78808baf2fa1ea9c315a1e48f1
    sha256: eb92d0ad94b65af16c73071cc00cc0e10f2532be807beb52758aab2b06eb21e2
  category: main
  optional: false
- name: tapi
  version: 1300.6.5
  manager: conda
  platform: osx-arm64
  dependencies:
    __osx: '>=11.0'
    libcxx: '>=17.0.0.a0'
    ncurses: '>=6.5,<7.0a0'
  url: https://conda.anaconda.org/conda-forge/osx-arm64/tapi-1300.6.5-h03f4b80_0.conda
  hash:
    md5: b703bc3e6cba5943acf0e5f987b5d0e2
    sha256: 37cd4f62ec023df8a6c6f9f6ffddde3d6620a83cbcab170a8fff31ef944402e5
  category: main
  optional: false
- name: tk
  version: 8.6.13
  manager: conda
  platform: osx-arm64
  dependencies:
    libzlib: '>=1.2.13,<2.0.0a0'
  url: https://conda.anaconda.org/conda-forge/osx-arm64/tk-8.6.13-h5083fa2_1.conda
  hash:
    md5: b50a57ba89c32b62428b71a875291c9b
    sha256: 72457ad031b4c048e5891f3f6cb27a53cb479db68a52d965f796910e71a403a8
  category: main
  optional: false
- name: tomli
  version: 2.2.1
  manager: conda
  platform: osx-arm64
  dependencies:
    python: '>=3.9'
  url: https://conda.anaconda.org/conda-forge/noarch/tomli-2.2.1-pyhd8ed1ab_1.conda
  hash:
    md5: ac944244f1fed2eb49bae07193ae8215
    sha256: 18636339a79656962723077df9a56c0ac7b8a864329eb8f847ee3d38495b863e
  category: main
  optional: false
- name: tomlkit
  version: 0.13.2
  manager: conda
  platform: osx-arm64
  dependencies:
    python: '>=3.9'
  url: https://conda.anaconda.org/conda-forge/noarch/tomlkit-0.13.2-pyha770c72_1.conda
  hash:
    md5: 1d9ab4fc875c52db83f9c9b40af4e2c8
    sha256: 986fae65f5568e95dbf858d08d77a0f9cca031345a98550f1d4b51d36d8811e2
  category: main
  optional: false
- name: toolz
  version: 0.12.1
  manager: conda
  platform: osx-arm64
  dependencies:
    python: '>=3.7'
  url: https://conda.anaconda.org/conda-forge/noarch/toolz-0.12.1-pyhd8ed1ab_0.conda
  hash:
    md5: 2fcb582444635e2c402e8569bb94e039
    sha256: 22b0a9790317526e08609d5dfdd828210ae89e6d444a9e954855fc29012e90c6
  category: main
  optional: false
- name: typing-extensions
  version: 4.13.2
  manager: conda
  platform: osx-arm64
  dependencies:
    typing_extensions: ==4.13.2
  url: https://conda.anaconda.org/conda-forge/noarch/typing-extensions-4.13.2-h0e9735f_0.conda
  hash:
    md5: 568ed1300869dca0ba09fb750cda5dbb
    sha256: 4865fce0897d3cb0ffc8998219157a8325f6011c136e6fd740a9a6b169419296
  category: main
  optional: false
- name: typing-inspection
  version: 0.4.0
  manager: conda
  platform: osx-arm64
  dependencies:
    python: '>=3.9'
    typing_extensions: '>=4.12.0'
  url: https://conda.anaconda.org/conda-forge/noarch/typing-inspection-0.4.0-pyhd8ed1ab_0.conda
  hash:
    md5: c5c76894b6b7bacc888ba25753bc8677
    sha256: 172f971d70e1dbb978f6061d3f72be463d0f629155338603450d8ffe87cbf89d
  category: main
  optional: false
- name: typing_extensions
  version: 4.13.2
  manager: conda
  platform: osx-arm64
  dependencies:
    python: ''
  url: https://conda.anaconda.org/conda-forge/noarch/typing_extensions-4.13.2-pyh29332c3_0.conda
  hash:
    md5: 83fc6ae00127671e301c9f44254c31b8
    sha256: a8aaf351e6461de0d5d47e4911257e25eec2fa409d71f3b643bb2f748bde1c08
  category: main
  optional: false
- name: tzdata
  version: 2025b
  manager: conda
  platform: osx-arm64
  dependencies: {}
  url: https://conda.anaconda.org/conda-forge/noarch/tzdata-2025b-h78e105d_0.conda
  hash:
    md5: 4222072737ccff51314b5ece9c7d6f5a
    sha256: 5aaa366385d716557e365f0a4e9c3fca43ba196872abbbe3d56bb610d131e192
  category: main
  optional: false
- name: urllib3
  version: 1.26.19
  manager: conda
  platform: osx-arm64
  dependencies:
    brotli-python: '>=1.0.9'
    pysocks: '>=1.5.6,<2.0,!=1.5.7'
    python: '>=3.7'
  url: https://conda.anaconda.org/conda-forge/noarch/urllib3-1.26.19-pyhd8ed1ab_0.conda
  hash:
    md5: 6bb37c314b3cc1515dcf086ffe01c46e
    sha256: 543ebab5241418a4e0d4d9e356ef13e4361504810a067a01481660bb35eb5643
  category: main
  optional: false
- name: verilator
  version: '5.022'
  manager: conda
  platform: osx-arm64
  dependencies:
    clangxx_osx-arm64: 16.*
    flex: '>=2.6.4,<3.0a0'
    libcxx: '>=16'
    libzlib: '>=1.2.13,<2.0.0a0'
    make: ''
    perl: ''
    python: ''
  url: https://conda.anaconda.org/conda-forge/osx-arm64/verilator-5.022-h0de0349_1.conda
  hash:
    md5: 4ea7bbe5531beaf74d2446eb238329b6
    sha256: d1800af2939faa66b1a874c5ef618ba1a6250c8ea4305f6d3e1100b7d9729ced
  category: main
  optional: false
- name: virtualenv
  version: 20.30.0
  manager: conda
  platform: osx-arm64
  dependencies:
    distlib: '>=0.3.7,<1'
    filelock: '>=3.12.2,<4'
    platformdirs: '>=3.9.1,<5'
    python: '>=3.9'
  url: https://conda.anaconda.org/conda-forge/noarch/virtualenv-20.30.0-pyhd8ed1ab_0.conda
  hash:
    md5: c0e0b4a09aa5a698a1bdd4ebfe28be38
    sha256: 1dbb24b144f7b8400b30cca760cdee1b7de61716cd7f06d7ea82b741645823ce
  category: main
  optional: false
- name: webencodings
  version: 0.5.1
  manager: conda
  platform: osx-arm64
  dependencies:
    python: '>=3.9'
  url: https://conda.anaconda.org/conda-forge/noarch/webencodings-0.5.1-pyhd8ed1ab_3.conda
  hash:
    md5: 2841eb5bfc75ce15e9a0054b98dcd64d
    sha256: 19ff205e138bb056a46f9e3839935a2e60bd1cf01c8241a5e172a422fed4f9c6
  category: main
  optional: false
- name: yaml
  version: 0.2.5
  manager: conda
  platform: osx-arm64
  dependencies: {}
  url: https://conda.anaconda.org/conda-forge/osx-arm64/yaml-0.2.5-h3422bc3_2.tar.bz2
  hash:
    md5: 4bb3f014845110883a3c5ee811fd84b4
    sha256: 93181a04ba8cfecfdfb162fc958436d868cc37db504c58078eab4c1a3e57fbb7
  category: main
  optional: false
- name: zipp
  version: 3.21.0
  manager: conda
  platform: osx-arm64
  dependencies:
    python: '>=3.9'
  url: https://conda.anaconda.org/conda-forge/noarch/zipp-3.21.0-pyhd8ed1ab_1.conda
  hash:
    md5: 0c3cc595284c5e8f0f9900a9b228a332
    sha256: 567c04f124525c97a096b65769834b7acb047db24b15a56888a322bf3966c3e1
  category: main
  optional: false
- name: zstd
  version: 1.5.7
  manager: conda
  platform: osx-arm64
  dependencies:
    __osx: '>=11.0'
    libzlib: '>=1.3.1,<2.0a0'
  url: https://conda.anaconda.org/conda-forge/osx-arm64/zstd-1.5.7-h6491c7d_2.conda
  hash:
    md5: e6f69c7bcccdefa417f056fa593b40f0
    sha256: 0d02046f57f7a1a3feae3e9d1aa2113788311f3cf37a3244c71e61a93177ba67
  category: main
  optional: false
